
Microsoft Visual Studio Solution File, Format Version 12.00
# Visual Studio Version 16
VisualStudioVersion = 16.0.31729.503
MinimumVisualStudioVersion = 10.0.40219.1
Project("{FAE04EC0-301F-11D3-BF4B-00C04F79EFBC}") = "110_1Quiz2", "110_1Quiz2\110_1Quiz2.csproj", "{050CF476-AFF2-4D3A-B507-DF08F044A974}"
EndProject
Global
	GlobalSection(SolutionConfigurationPlatforms) = preSolution
		Debug|Any CPU = Debug|Any CPU
		Release|Any CPU = Release|Any CPU
	EndGlobalSection
	GlobalSection(ProjectConfigurationPlatforms) = postSolution
		{050CF476-AFF2-4D3A-B507-DF08F044A974}.Debug|Any CPU.ActiveCfg = Debug|Any CPU
		{050CF476-AFF2-4D3A-B507-DF08F044A974}.Debug|Any CPU.Build.0 = Debug|Any CPU
		{050CF476-AFF2-4D3A-B507-DF08F044A974}.Release|Any CPU.ActiveCfg = Release|Any CPU
		{050CF476-AFF2-4D3A-B507-DF08F044A974}.Release|Any CPU.Build.0 = Release|Any CPU
	EndGlobalSection
	GlobalSection(SolutionProperties) = preSolution
		HideSolutionNode = FALSE
	EndGlobalSection
	GlobalSection(ExtensibilityGlobals) = postSolution
		SolutionGuid = {1B8137A8-4B0D-4DFE-BDF8-4FDD57514E12}
	EndGlobalSection
EndGlobal
